
Microsoft Visual Studio Solution File, Format Version 12.00
# Visual Studio 15
VisualStudioVersion = 15.0.26730.3
MinimumVisualStudioVersion = 10.0.40219.1
Project("{F184B08F-C81C-45F6-A57F-5ABD9991F28F}") = "SoccerRoundRobin", "SoccerRoundRobin\SoccerRoundRobin.vbproj", "{05A85CF9-8E60-438C-B7ED-FEE3A5FF86D6}"
EndProject
Global
	GlobalSection(SolutionConfigurationPlatforms) = preSolution
		Debug|Any CPU = Debug|Any CPU
		Release|Any CPU = Release|Any CPU
	EndGlobalSection
	GlobalSection(ProjectConfigurationPlatforms) = postSolution
		{05A85CF9-8E60-438C-B7ED-FEE3A5FF86D6}.Debug|Any CPU.ActiveCfg = Debug|Any CPU
		{05A85CF9-8E60-438C-B7ED-FEE3A5FF86D6}.Debug|Any CPU.Build.0 = Debug|Any CPU
		{05A85CF9-8E60-438C-B7ED-FEE3A5FF86D6}.Release|Any CPU.ActiveCfg = Release|Any CPU
		{05A85CF9-8E60-438C-B7ED-FEE3A5FF86D6}.Release|Any CPU.Build.0 = Release|Any CPU
	EndGlobalSection
	GlobalSection(SolutionProperties) = preSolution
		HideSolutionNode = FALSE
	EndGlobalSection
	GlobalSection(ExtensibilityGlobals) = postSolution
		SolutionGuid = {F53D6797-8508-4E97-A6E2-2D48134AD11A}
	EndGlobalSection
EndGlobal
