
Microsoft Visual Studio Solution File, Format Version 12.00
# Visual Studio 15
VisualStudioVersion = 15.0.28010.2026
MinimumVisualStudioVersion = 10.0.40219.1
Project("{F184B08F-C81C-45F6-A57F-5ABD9991F28F}") = "MunltiplicationQuiz", "MunltiplicationQuiz\MunltiplicationQuiz.vbproj", "{DE75C40D-1A4F-4EF5-83A9-0368C1A23A2E}"
EndProject
Global
	GlobalSection(SolutionConfigurationPlatforms) = preSolution
		Debug|Any CPU = Debug|Any CPU
		Release|Any CPU = Release|Any CPU
	EndGlobalSection
	GlobalSection(ProjectConfigurationPlatforms) = postSolution
		{DE75C40D-1A4F-4EF5-83A9-0368C1A23A2E}.Debug|Any CPU.ActiveCfg = Debug|Any CPU
		{DE75C40D-1A4F-4EF5-83A9-0368C1A23A2E}.Debug|Any CPU.Build.0 = Debug|Any CPU
		{DE75C40D-1A4F-4EF5-83A9-0368C1A23A2E}.Release|Any CPU.ActiveCfg = Release|Any CPU
		{DE75C40D-1A4F-4EF5-83A9-0368C1A23A2E}.Release|Any CPU.Build.0 = Release|Any CPU
	EndGlobalSection
	GlobalSection(SolutionProperties) = preSolution
		HideSolutionNode = FALSE
	EndGlobalSection
	GlobalSection(ExtensibilityGlobals) = postSolution
		SolutionGuid = {9050C432-1735-447D-9464-B4580B491612}
	EndGlobalSection
EndGlobal
