
Microsoft Visual Studio Solution File, Format Version 12.00
# Visual Studio 2012
Project("{F184B08F-C81C-45F6-A57F-5ABD9991F28F}") = "agesorterarray", "agesorterarray\agesorterarray.vbproj", "{D790801A-865D-44BA-BF9D-B5EDEF53D657}"
EndProject
Global
	GlobalSection(SolutionConfigurationPlatforms) = preSolution
		Debug|Any CPU = Debug|Any CPU
		Release|Any CPU = Release|Any CPU
	EndGlobalSection
	GlobalSection(ProjectConfigurationPlatforms) = postSolution
		{D790801A-865D-44BA-BF9D-B5EDEF53D657}.Debug|Any CPU.ActiveCfg = Debug|Any CPU
		{D790801A-865D-44BA-BF9D-B5EDEF53D657}.Debug|Any CPU.Build.0 = Debug|Any CPU
		{D790801A-865D-44BA-BF9D-B5EDEF53D657}.Release|Any CPU.ActiveCfg = Release|Any CPU
		{D790801A-865D-44BA-BF9D-B5EDEF53D657}.Release|Any CPU.Build.0 = Release|Any CPU
	EndGlobalSection
	GlobalSection(SolutionProperties) = preSolution
		HideSolutionNode = FALSE
	EndGlobalSection
EndGlobal
