
Microsoft Visual Studio Solution File, Format Version 12.00
# Visual Studio 15
VisualStudioVersion = 15.0.28010.2026
MinimumVisualStudioVersion = 10.0.40219.1
Project("{F184B08F-C81C-45F6-A57F-5ABD9991F28F}") = "puttputt", "puttputt\puttputt.vbproj", "{94290A3E-57D8-4A47-987F-BF1CDBCE856B}"
EndProject
Global
	GlobalSection(SolutionConfigurationPlatforms) = preSolution
		Debug|Any CPU = Debug|Any CPU
		Release|Any CPU = Release|Any CPU
	EndGlobalSection
	GlobalSection(ProjectConfigurationPlatforms) = postSolution
		{94290A3E-57D8-4A47-987F-BF1CDBCE856B}.Debug|Any CPU.ActiveCfg = Debug|Any CPU
		{94290A3E-57D8-4A47-987F-BF1CDBCE856B}.Debug|Any CPU.Build.0 = Debug|Any CPU
		{94290A3E-57D8-4A47-987F-BF1CDBCE856B}.Release|Any CPU.ActiveCfg = Release|Any CPU
		{94290A3E-57D8-4A47-987F-BF1CDBCE856B}.Release|Any CPU.Build.0 = Release|Any CPU
	EndGlobalSection
	GlobalSection(SolutionProperties) = preSolution
		HideSolutionNode = FALSE
	EndGlobalSection
	GlobalSection(ExtensibilityGlobals) = postSolution
		SolutionGuid = {7C10B22C-199C-469F-8CAA-604C5534402F}
	EndGlobalSection
EndGlobal
