
Microsoft Visual Studio Solution File, Format Version 12.00
# Visual Studio 15
VisualStudioVersion = 15.0.28010.2026
MinimumVisualStudioVersion = 10.0.40219.1
Project("{888888A0-9F3D-457C-B088-3A5042F75D52}") = "gggggt", "gggggt\gggggt.pyproj", "{1F8DFC6D-F029-4391-8B47-383AD24E8875}"
EndProject
Global
	GlobalSection(SolutionConfigurationPlatforms) = preSolution
		Debug|Any CPU = Debug|Any CPU
		Release|Any CPU = Release|Any CPU
	EndGlobalSection
	GlobalSection(ProjectConfigurationPlatforms) = postSolution
		{1F8DFC6D-F029-4391-8B47-383AD24E8875}.Debug|Any CPU.ActiveCfg = Debug|Any CPU
		{1F8DFC6D-F029-4391-8B47-383AD24E8875}.Release|Any CPU.ActiveCfg = Release|Any CPU
	EndGlobalSection
	GlobalSection(SolutionProperties) = preSolution
		HideSolutionNode = FALSE
	EndGlobalSection
	GlobalSection(ExtensibilityGlobals) = postSolution
		SolutionGuid = {A5E4667A-4057-4084-88F9-39BA594D5C34}
	EndGlobalSection
EndGlobal
