
Microsoft Visual Studio Solution File, Format Version 12.00
# Visual Studio 15
VisualStudioVersion = 15.0.28010.2026
MinimumVisualStudioVersion = 10.0.40219.1
Project("{F184B08F-C81C-45F6-A57F-5ABD9991F28F}") = "Legocharacter", "Legocharacter\Legocharacter.vbproj", "{D2DBB8EA-0116-473B-AFBC-FD26C6F06924}"
EndProject
Global
	GlobalSection(SolutionConfigurationPlatforms) = preSolution
		Debug|Any CPU = Debug|Any CPU
		Release|Any CPU = Release|Any CPU
	EndGlobalSection
	GlobalSection(ProjectConfigurationPlatforms) = postSolution
		{D2DBB8EA-0116-473B-AFBC-FD26C6F06924}.Debug|Any CPU.ActiveCfg = Debug|Any CPU
		{D2DBB8EA-0116-473B-AFBC-FD26C6F06924}.Debug|Any CPU.Build.0 = Debug|Any CPU
		{D2DBB8EA-0116-473B-AFBC-FD26C6F06924}.Release|Any CPU.ActiveCfg = Release|Any CPU
		{D2DBB8EA-0116-473B-AFBC-FD26C6F06924}.Release|Any CPU.Build.0 = Release|Any CPU
	EndGlobalSection
	GlobalSection(SolutionProperties) = preSolution
		HideSolutionNode = FALSE
	EndGlobalSection
	GlobalSection(ExtensibilityGlobals) = postSolution
		SolutionGuid = {5C8254D9-A3DA-4899-AD28-0FF26FC5E7E2}
	EndGlobalSection
EndGlobal
